// !$*UTF8*$!
{
	archiveVersion = 1;
	classes = {
	};
	objectVersion = 52;
	objects = {

/* Begin PBXBuildFile section */
		E01B1DE9240161C700E65BA6 /* Common.swift in Sources */ = {isa = PBXBuildFile; fileRef = E01B1DE8240161C700E65BA6 /* Common.swift */; };
		E05A6E56241268F3008CB485 /* RawMetarView.swift in Sources */ = {isa = PBXBuildFile; fileRef = E05A6E55241268F3008CB485 /* RawMetarView.swift */; };
		E063022623D776DF0026F494 /* AppDelegate.swift in Sources */ = {isa = PBXBuildFile; fileRef = E063022523D776DF0026F494 /* AppDelegate.swift */; };
		E063022823D776DF0026F494 /* SceneDelegate.swift in Sources */ = {isa = PBXBuildFile; fileRef = E063022723D776DF0026F494 /* SceneDelegate.swift */; };
		E063022A23D776DF0026F494 /* ContentView.swift in Sources */ = {isa = PBXBuildFile; fileRef = E063022923D776DF0026F494 /* ContentView.swift */; };
		E063022C23D776E30026F494 /* Assets.xcassets in Resources */ = {isa = PBXBuildFile; fileRef = E063022B23D776E30026F494 /* Assets.xcassets */; };
		E063022F23D776E30026F494 /* Preview Assets.xcassets in Resources */ = {isa = PBXBuildFile; fileRef = E063022E23D776E30026F494 /* Preview Assets.xcassets */; };
		E063023223D776E30026F494 /* LaunchScreen.storyboard in Resources */ = {isa = PBXBuildFile; fileRef = E063023023D776E30026F494 /* LaunchScreen.storyboard */; };
		E063023B23D777150026F494 /* AvWeather in Frameworks */ = {isa = PBXBuildFile; productRef = E063023A23D777150026F494 /* AvWeather */; };
		E09E43F123DDD0EA003112A9 /* StationOverview.swift in Sources */ = {isa = PBXBuildFile; fileRef = E09E43F023DDD0EA003112A9 /* StationOverview.swift */; };
		E09E43F323DE08E8003112A9 /* FlightConditionIndicator.swift in Sources */ = {isa = PBXBuildFile; fileRef = E09E43F223DE08E8003112A9 /* FlightConditionIndicator.swift */; };
		E09E43F523DF9D7F003112A9 /* WindIndicator.swift in Sources */ = {isa = PBXBuildFile; fileRef = E09E43F423DF9D7F003112A9 /* WindIndicator.swift */; };
		E09E43F723E74826003112A9 /* MetarStore.swift in Sources */ = {isa = PBXBuildFile; fileRef = E09E43F623E74826003112A9 /* MetarStore.swift */; };
		E09E43F923E7AAEB003112A9 /* AddStationView.swift in Sources */ = {isa = PBXBuildFile; fileRef = E09E43F823E7AAEB003112A9 /* AddStationView.swift */; };
/* End PBXBuildFile section */

/* Begin PBXFileReference section */
		E01B1DE8240161C700E65BA6 /* Common.swift */ = {isa = PBXFileReference; lastKnownFileType = sourcecode.swift; path = Common.swift; sourceTree = "<group>"; };
		E05A6E55241268F3008CB485 /* RawMetarView.swift */ = {isa = PBXFileReference; lastKnownFileType = sourcecode.swift; path = RawMetarView.swift; sourceTree = "<group>"; };
		E063022223D776DF0026F494 /* METARFetcher.app */ = {isa = PBXFileReference; explicitFileType = wrapper.application; includeInIndex = 0; path = METARFetcher.app; sourceTree = BUILT_PRODUCTS_DIR; };
		E063022523D776DF0026F494 /* AppDelegate.swift */ = {isa = PBXFileReference; lastKnownFileType = sourcecode.swift; path = AppDelegate.swift; sourceTree = "<group>"; };
		E063022723D776DF0026F494 /* SceneDelegate.swift */ = {isa = PBXFileReference; lastKnownFileType = sourcecode.swift; path = SceneDelegate.swift; sourceTree = "<group>"; };
		E063022923D776DF0026F494 /* ContentView.swift */ = {isa = PBXFileReference; lastKnownFileType = sourcecode.swift; path = ContentView.swift; sourceTree = "<group>"; };
		E063022B23D776E30026F494 /* Assets.xcassets */ = {isa = PBXFileReference; lastKnownFileType = folder.assetcatalog; path = Assets.xcassets; sourceTree = "<group>"; };
		E063022E23D776E30026F494 /* Preview Assets.xcassets */ = {isa = PBXFileReference; lastKnownFileType = folder.assetcatalog; path = "Preview Assets.xcassets"; sourceTree = "<group>"; };
		E063023123D776E30026F494 /* Base */ = {isa = PBXFileReference; lastKnownFileType = file.storyboard; name = Base; path = Base.lproj/LaunchScreen.storyboard; sourceTree = "<group>"; };
		E063023323D776E30026F494 /* Info.plist */ = {isa = PBXFileReference; lastKnownFileType = text.plist.xml; path = Info.plist; sourceTree = "<group>"; };
		E09E43F023DDD0EA003112A9 /* StationOverview.swift */ = {isa = PBXFileReference; lastKnownFileType = sourcecode.swift; path = StationOverview.swift; sourceTree = "<group>"; };
		E09E43F223DE08E8003112A9 /* FlightConditionIndicator.swift */ = {isa = PBXFileReference; lastKnownFileType = sourcecode.swift; path = FlightConditionIndicator.swift; sourceTree = "<group>"; };
		E09E43F423DF9D7F003112A9 /* WindIndicator.swift */ = {isa = PBXFileReference; lastKnownFileType = sourcecode.swift; path = WindIndicator.swift; sourceTree = "<group>"; };
		E09E43F623E74826003112A9 /* MetarStore.swift */ = {isa = PBXFileReference; lastKnownFileType = sourcecode.swift; path = MetarStore.swift; sourceTree = "<group>"; };
		E09E43F823E7AAEB003112A9 /* AddStationView.swift */ = {isa = PBXFileReference; lastKnownFileType = sourcecode.swift; path = AddStationView.swift; sourceTree = "<group>"; };
/* End PBXFileReference section */

/* Begin PBXFrameworksBuildPhase section */
		E063021F23D776DF0026F494 /* Frameworks */ = {
			isa = PBXFrameworksBuildPhase;
			buildActionMask = 2147483647;
			files = (
				E063023B23D777150026F494 /* AvWeather in Frameworks */,
			);
			runOnlyForDeploymentPostprocessing = 0;
		};
/* End PBXFrameworksBuildPhase section */

/* Begin PBXGroup section */
		E01B1DEA240177F700E65BA6 /* UI Elements */ = {
			isa = PBXGroup;
			children = (
				E09E43F023DDD0EA003112A9 /* StationOverview.swift */,
				E05A6E55241268F3008CB485 /* RawMetarView.swift */,
				E09E43F223DE08E8003112A9 /* FlightConditionIndicator.swift */,
				E09E43F423DF9D7F003112A9 /* WindIndicator.swift */,
			);
			path = "UI Elements";
			sourceTree = "<group>";
		};
		E01B1DEB2401781400E65BA6 /* Model */ = {
			isa = PBXGroup;
			children = (
				E09E43F623E74826003112A9 /* MetarStore.swift */,
			);
			path = Model;
			sourceTree = "<group>";
		};
		E01B1DEC2401782D00E65BA6 /* Dialogs */ = {
			isa = PBXGroup;
			children = (
				E09E43F823E7AAEB003112A9 /* AddStationView.swift */,
			);
			path = Dialogs;
			sourceTree = "<group>";
		};
		E063021923D776DF0026F494 = {
			isa = PBXGroup;
			children = (
				E063022423D776DF0026F494 /* METARFetcher */,
				E063022323D776DF0026F494 /* Products */,
			);
			sourceTree = "<group>";
		};
		E063022323D776DF0026F494 /* Products */ = {
			isa = PBXGroup;
			children = (
				E063022223D776DF0026F494 /* METARFetcher.app */,
			);
			name = Products;
			sourceTree = "<group>";
		};
		E063022423D776DF0026F494 /* METARFetcher */ = {
			isa = PBXGroup;
			children = (
				E01B1DE8240161C700E65BA6 /* Common.swift */,
				E063022523D776DF0026F494 /* AppDelegate.swift */,
				E063022723D776DF0026F494 /* SceneDelegate.swift */,
				E063022923D776DF0026F494 /* ContentView.swift */,
				E01B1DEB2401781400E65BA6 /* Model */,
				E01B1DEC2401782D00E65BA6 /* Dialogs */,
				E01B1DEA240177F700E65BA6 /* UI Elements */,
				E063022B23D776E30026F494 /* Assets.xcassets */,
				E063023023D776E30026F494 /* LaunchScreen.storyboard */,
				E063023323D776E30026F494 /* Info.plist */,
				E063022D23D776E30026F494 /* Preview Content */,
			);
			path = METARFetcher;
			sourceTree = "<group>";
		};
		E063022D23D776E30026F494 /* Preview Content */ = {
			isa = PBXGroup;
			children = (
				E063022E23D776E30026F494 /* Preview Assets.xcassets */,
			);
			path = "Preview Content";
			sourceTree = "<group>";
		};
/* End PBXGroup section */

/* Begin PBXNativeTarget section */
		E063022123D776DF0026F494 /* METARFetcher */ = {
			isa = PBXNativeTarget;
			buildConfigurationList = E063023623D776E30026F494 /* Build configuration list for PBXNativeTarget "METARFetcher" */;
			buildPhases = (
				E063021E23D776DF0026F494 /* Sources */,
				E063021F23D776DF0026F494 /* Frameworks */,
				E063022023D776DF0026F494 /* Resources */,
			);
			buildRules = (
			);
			dependencies = (
			);
			name = METARFetcher;
			packageProductDependencies = (
				E063023A23D777150026F494 /* AvWeather */,
			);
			productName = METARFetcher;
			productReference = E063022223D776DF0026F494 /* METARFetcher.app */;
			productType = "com.apple.product-type.application";
		};
/* End PBXNativeTarget section */

/* Begin PBXProject section */
		E063021A23D776DF0026F494 /* Project object */ = {
			isa = PBXProject;
			attributes = {
				LastSwiftUpdateCheck = 1130;
				LastUpgradeCheck = 1130;
				ORGANIZATIONNAME = "Benjamin Montgomery";
				TargetAttributes = {
					E063022123D776DF0026F494 = {
						CreatedOnToolsVersion = 11.3.1;
					};
				};
			};
			buildConfigurationList = E063021D23D776DF0026F494 /* Build configuration list for PBXProject "METARFetcher" */;
			compatibilityVersion = "Xcode 9.3";
			developmentRegion = en;
			hasScannedForEncodings = 0;
			knownRegions = (
				en,
				Base,
			);
			mainGroup = E063021923D776DF0026F494;
			packageReferences = (
				E063023923D777150026F494 /* XCRemoteSwiftPackageReference "AvWeather" */,
			);
			productRefGroup = E063022323D776DF0026F494 /* Products */;
			projectDirPath = "";
			projectRoot = "";
			targets = (
				E063022123D776DF0026F494 /* METARFetcher */,
			);
		};
/* End PBXProject section */

/* Begin PBXResourcesBuildPhase section */
		E063022023D776DF0026F494 /* Resources */ = {
			isa = PBXResourcesBuildPhase;
			buildActionMask = 2147483647;
			files = (
				E063023223D776E30026F494 /* LaunchScreen.storyboard in Resources */,
				E063022F23D776E30026F494 /* Preview Assets.xcassets in Resources */,
				E063022C23D776E30026F494 /* Assets.xcassets in Resources */,
			);
			runOnlyForDeploymentPostprocessing = 0;
		};
/* End PBXResourcesBuildPhase section */

/* Begin PBXSourcesBuildPhase section */
		E063021E23D776DF0026F494 /* Sources */ = {
			isa = PBXSourcesBuildPhase;
			buildActionMask = 2147483647;
			files = (
				E063022623D776DF0026F494 /* AppDelegate.swift in Sources */,
				E09E43F123DDD0EA003112A9 /* StationOverview.swift in Sources */,
				E063022823D776DF0026F494 /* SceneDelegate.swift in Sources */,
				E09E43F523DF9D7F003112A9 /* WindIndicator.swift in Sources */,
				E01B1DE9240161C700E65BA6 /* Common.swift in Sources */,
				E09E43F323DE08E8003112A9 /* FlightConditionIndicator.swift in Sources */,
				E09E43F923E7AAEB003112A9 /* AddStationView.swift in Sources */,
				E09E43F723E74826003112A9 /* MetarStore.swift in Sources */,
				E063022A23D776DF0026F494 /* ContentView.swift in Sources */,
				E05A6E56241268F3008CB485 /* RawMetarView.swift in Sources */,
			);
			runOnlyForDeploymentPostprocessing = 0;
		};
/* End PBXSourcesBuildPhase section */

/* Begin PBXVariantGroup section */
		E063023023D776E30026F494 /* LaunchScreen.storyboard */ = {
			isa = PBXVariantGroup;
			children = (
				E063023123D776E30026F494 /* Base */,
			);
			name = LaunchScreen.storyboard;
			sourceTree = "<group>";
		};
/* End PBXVariantGroup section */

/* Begin XCBuildConfiguration section */
		E063023423D776E30026F494 /* Debug */ = {
			isa = XCBuildConfiguration;
			buildSettings = {
				ALWAYS_SEARCH_USER_PATHS = NO;
				CLANG_ANALYZER_NONNULL = YES;
				CLANG_ANALYZER_NUMBER_OBJECT_CONVERSION = YES_AGGRESSIVE;
				CLANG_CXX_LANGUAGE_STANDARD = "gnu++14";
				CLANG_CXX_LIBRARY = "libc++";
				CLANG_ENABLE_MODULES = YES;
				CLANG_ENABLE_OBJC_ARC = YES;
				CLANG_ENABLE_OBJC_WEAK = YES;
				CLANG_WARN_BLOCK_CAPTURE_AUTORELEASING = YES;
				CLANG_WARN_BOOL_CONVERSION = YES;
				CLANG_WARN_COMMA = YES;
				CLANG_WARN_CONSTANT_CONVERSION = YES;
				CLANG_WARN_DEPRECATED_OBJC_IMPLEMENTATIONS = YES;
				CLANG_WARN_DIRECT_OBJC_ISA_USAGE = YES_ERROR;
				CLANG_WARN_DOCUMENTATION_COMMENTS = YES;
				CLANG_WARN_EMPTY_BODY = YES;
				CLANG_WARN_ENUM_CONVERSION = YES;
				CLANG_WARN_INFINITE_RECURSION = YES;
				CLANG_WARN_INT_CONVERSION = YES;
				CLANG_WARN_NON_LITERAL_NULL_CONVERSION = YES;
				CLANG_WARN_OBJC_IMPLICIT_RETAIN_SELF = YES;
				CLANG_WARN_OBJC_LITERAL_CONVERSION = YES;
				CLANG_WARN_OBJC_ROOT_CLASS = YES_ERROR;
				CLANG_WARN_RANGE_LOOP_ANALYSIS = YES;
				CLANG_WARN_STRICT_PROTOTYPES = YES;
				CLANG_WARN_SUSPICIOUS_MOVE = YES;
				CLANG_WARN_UNGUARDED_AVAILABILITY = YES_AGGRESSIVE;
				CLANG_WARN_UNREACHABLE_CODE = YES;
				CLANG_WARN__DUPLICATE_METHOD_MATCH = YES;
				COPY_PHASE_STRIP = NO;
				DEBUG_INFORMATION_FORMAT = dwarf;
				ENABLE_STRICT_OBJC_MSGSEND = YES;
				ENABLE_TESTABILITY = YES;
				GCC_C_LANGUAGE_STANDARD = gnu11;
				GCC_DYNAMIC_NO_PIC = NO;
				GCC_NO_COMMON_BLOCKS = YES;
				GCC_OPTIMIZATION_LEVEL = 0;
				GCC_PREPROCESSOR_DEFINITIONS = (
					"DEBUG=1",
					"$(inherited)",
				);
				GCC_WARN_64_TO_32_BIT_CONVERSION = YES;
				GCC_WARN_ABOUT_RETURN_TYPE = YES_ERROR;
				GCC_WARN_UNDECLARED_SELECTOR = YES;
				GCC_WARN_UNINITIALIZED_AUTOS = YES_AGGRESSIVE;
				GCC_WARN_UNUSED_FUNCTION = YES;
				GCC_WARN_UNUSED_VARIABLE = YES;
				IPHONEOS_DEPLOYMENT_TARGET = 13.2;
				MTL_ENABLE_DEBUG_INFO = INCLUDE_SOURCE;
				MTL_FAST_MATH = YES;
				ONLY_ACTIVE_ARCH = YES;
				SDKROOT = iphoneos;
				SWIFT_ACTIVE_COMPILATION_CONDITIONS = DEBUG;
				SWIFT_OPTIMIZATION_LEVEL = "-Onone";
			};
			name = Debug;
		};
		E063023523D776E30026F494 /* Release */ = {
			isa = XCBuildConfiguration;
			buildSettings = {
				ALWAYS_SEARCH_USER_PATHS = NO;
				CLANG_ANALYZER_NONNULL = YES;
				CLANG_ANALYZER_NUMBER_OBJECT_CONVERSION = YES_AGGRESSIVE;
				CLANG_CXX_LANGUAGE_STANDARD = "gnu++14";
				CLANG_CXX_LIBRARY = "libc++";
				CLANG_ENABLE_MODULES = YES;
				CLANG_ENABLE_OBJC_ARC = YES;
				CLANG_ENABLE_OBJC_WEAK = YES;
				CLANG_WARN_BLOCK_CAPTURE_AUTORELEASING = YES;
				CLANG_WARN_BOOL_CONVERSION = YES;
				CLANG_WARN_COMMA = YES;
				CLANG_WARN_CONSTANT_CONVERSION = YES;
				CLANG_WARN_DEPRECATED_OBJC_IMPLEMENTATIONS = YES;
				CLANG_WARN_DIRECT_OBJC_ISA_USAGE = YES_ERROR;
				CLANG_WARN_DOCUMENTATION_COMMENTS = YES;
				CLANG_WARN_EMPTY_BODY = YES;
				CLANG_WARN_ENUM_CONVERSION = YES;
				CLANG_WARN_INFINITE_RECURSION = YES;
				CLANG_WARN_INT_CONVERSION = YES;
				CLANG_WARN_NON_LITERAL_NULL_CONVERSION = YES;
				CLANG_WARN_OBJC_IMPLICIT_RETAIN_SELF = YES;
				CLANG_WARN_OBJC_LITERAL_CONVERSION = YES;
				CLANG_WARN_OBJC_ROOT_CLASS = YES_ERROR;
				CLANG_WARN_RANGE_LOOP_ANALYSIS = YES;
				CLANG_WARN_STRICT_PROTOTYPES = YES;
				CLANG_WARN_SUSPICIOUS_MOVE = YES;
				CLANG_WARN_UNGUARDED_AVAILABILITY = YES_AGGRESSIVE;
				CLANG_WARN_UNREACHABLE_CODE = YES;
				CLANG_WARN__DUPLICATE_METHOD_MATCH = YES;
				COPY_PHASE_STRIP = NO;
				DEBUG_INFORMATION_FORMAT = "dwarf-with-dsym";
				ENABLE_NS_ASSERTIONS = NO;
				ENABLE_STRICT_OBJC_MSGSEND = YES;
				GCC_C_LANGUAGE_STANDARD = gnu11;
				GCC_NO_COMMON_BLOCKS = YES;
				GCC_WARN_64_TO_32_BIT_CONVERSION = YES;
				GCC_WARN_ABOUT_RETURN_TYPE = YES_ERROR;
				GCC_WARN_UNDECLARED_SELECTOR = YES;
				GCC_WARN_UNINITIALIZED_AUTOS = YES_AGGRESSIVE;
				GCC_WARN_UNUSED_FUNCTION = YES;
				GCC_WARN_UNUSED_VARIABLE = YES;
				IPHONEOS_DEPLOYMENT_TARGET = 13.2;
				MTL_ENABLE_DEBUG_INFO = NO;
				MTL_FAST_MATH = YES;
				SDKROOT = iphoneos;
				SWIFT_COMPILATION_MODE = wholemodule;
				SWIFT_OPTIMIZATION_LEVEL = "-O";
				VALIDATE_PRODUCT = YES;
			};
			name = Release;
		};
		E063023723D776E30026F494 /* Debug */ = {
			isa = XCBuildConfiguration;
			buildSettings = {
				ASSETCATALOG_COMPILER_APPICON_NAME = AppIcon;
				CODE_SIGN_STYLE = Automatic;
				DEVELOPMENT_ASSET_PATHS = "\"METARFetcher/Preview Content\"";
				DEVELOPMENT_TEAM = DJDL9D8S88;
				ENABLE_PREVIEWS = YES;
				INFOPLIST_FILE = METARFetcher/Info.plist;
				LD_RUNPATH_SEARCH_PATHS = (
					"$(inherited)",
					"@executable_path/Frameworks",
				);
				PRODUCT_BUNDLE_IDENTIFIER = org.montynet.METARFetcher;
				PRODUCT_NAME = "$(TARGET_NAME)";
				SWIFT_VERSION = 5.0;
				TARGETED_DEVICE_FAMILY = "1,2";
			};
			name = Debug;
		};
		E063023823D776E30026F494 /* Release */ = {
			isa = XCBuildConfiguration;
			buildSettings = {
				ASSETCATALOG_COMPILER_APPICON_NAME = AppIcon;
				CODE_SIGN_STYLE = Automatic;
				DEVELOPMENT_ASSET_PATHS = "\"METARFetcher/Preview Content\"";
				DEVELOPMENT_TEAM = DJDL9D8S88;
				ENABLE_PREVIEWS = YES;
				INFOPLIST_FILE = METARFetcher/Info.plist;
				LD_RUNPATH_SEARCH_PATHS = (
					"$(inherited)",
					"@executable_path/Frameworks",
				);
				PRODUCT_BUNDLE_IDENTIFIER = org.montynet.METARFetcher;
				PRODUCT_NAME = "$(TARGET_NAME)";
				SWIFT_VERSION = 5.0;
				TARGETED_DEVICE_FAMILY = "1,2";
			};
			name = Release;
		};
/* End XCBuildConfiguration section */

/* Begin XCConfigurationList section */
		E063021D23D776DF0026F494 /* Build configuration list for PBXProject "METARFetcher" */ = {
			isa = XCConfigurationList;
			buildConfigurations = (
				E063023423D776E30026F494 /* Debug */,
				E063023523D776E30026F494 /* Release */,
			);
			defaultConfigurationIsVisible = 0;
			defaultConfigurationName = Release;
		};
		E063023623D776E30026F494 /* Build configuration list for PBXNativeTarget "METARFetcher" */ = {
			isa = XCConfigurationList;
			buildConfigurations = (
				E063023723D776E30026F494 /* Debug */,
				E063023823D776E30026F494 /* Release */,
			);
			defaultConfigurationIsVisible = 0;
			defaultConfigurationName = Release;
		};
/* End XCConfigurationList section */

/* Begin XCRemoteSwiftPackageReference section */
		E063023923D777150026F494 /* XCRemoteSwiftPackageReference "AvWeather" */ = {
			isa = XCRemoteSwiftPackageReference;
			repositoryURL = "https://github.com/bmonty/AvWeather";
			requirement = {
				kind = upToNextMajorVersion;
				minimumVersion = 0.0.2;
			};
		};
/* End XCRemoteSwiftPackageReference section */

/* Begin XCSwiftPackageProductDependency section */
		E063023A23D777150026F494 /* AvWeather */ = {
			isa = XCSwiftPackageProductDependency;
			package = E063023923D777150026F494 /* XCRemoteSwiftPackageReference "AvWeather" */;
			productName = AvWeather;
		};
/* End XCSwiftPackageProductDependency section */
	};
	rootObject = E063021A23D776DF0026F494 /* Project object */;
}
